
Microsoft Visual Studio Solution File, Format Version 12.00
# Visual Studio Version 17
VisualStudioVersion = 17.6.33723.286
MinimumVisualStudioVersion = 10.0.40219.1
Project("{FAE04EC0-301F-11D3-BF4B-00C04F79EFBC}") = "Personel Kayit Sistemi", "Personel Kayit Sistemi\Personel Kayit Sistemi.csproj", "{94C92803-E3FC-4735-8B00-C84FA158CEF9}"
EndProject
Global
	GlobalSection(SolutionConfigurationPlatforms) = preSolution
		Debug|Any CPU = Debug|Any CPU
		Release|Any CPU = Release|Any CPU
	EndGlobalSection
	GlobalSection(ProjectConfigurationPlatforms) = postSolution
		{94C92803-E3FC-4735-8B00-C84FA158CEF9}.Debug|Any CPU.ActiveCfg = Debug|Any CPU
		{94C92803-E3FC-4735-8B00-C84FA158CEF9}.Debug|Any CPU.Build.0 = Debug|Any CPU
		{94C92803-E3FC-4735-8B00-C84FA158CEF9}.Release|Any CPU.ActiveCfg = Release|Any CPU
		{94C92803-E3FC-4735-8B00-C84FA158CEF9}.Release|Any CPU.Build.0 = Release|Any CPU
	EndGlobalSection
	GlobalSection(SolutionProperties) = preSolution
		HideSolutionNode = FALSE
	EndGlobalSection
	GlobalSection(ExtensibilityGlobals) = postSolution
		SolutionGuid = {7CAE1258-F2B3-4635-BFC6-CC634D1A5A66}
	EndGlobalSection
EndGlobal
